{
  "pins" : [
    {
      "identity" : "adiscope-ios-pangle",
      "kind" : "remoteSourceControl",
      "location" : "https://github.com/adiscope/Adiscope-iOS-Pangle.git",
      "state" : {
        "revision" : "0e31060f5307ffba57188475f6145a3e2f7ab751",
        "version" : "0.0.1"
      }
    }
  ],
  "version" : 2
}
